
Microsoft Visual Studio Solution File, Format Version 12.00
# Visual Studio Version 16
VisualStudioVersion = 16.0.31613.86
MinimumVisualStudioVersion = 10.0.40219.1
Project("{FAE04EC0-301F-11D3-BF4B-00C04F79EFBC}") = "PizzaOrderingMVCApplication", "PizzaOrderingMVCApplication\PizzaOrderingMVCApplication.csproj", "{2EF8A0E9-AE36-4C5C-810F-38F02929B68E}"
EndProject
Global
	GlobalSection(SolutionConfigurationPlatforms) = preSolution
		Debug|Any CPU = Debug|Any CPU
		Release|Any CPU = Release|Any CPU
	EndGlobalSection
	GlobalSection(ProjectConfigurationPlatforms) = postSolution
		{2EF8A0E9-AE36-4C5C-810F-38F02929B68E}.Debug|Any CPU.ActiveCfg = Debug|Any CPU
		{2EF8A0E9-AE36-4C5C-810F-38F02929B68E}.Debug|Any CPU.Build.0 = Debug|Any CPU
		{2EF8A0E9-AE36-4C5C-810F-38F02929B68E}.Release|Any CPU.ActiveCfg = Release|Any CPU
		{2EF8A0E9-AE36-4C5C-810F-38F02929B68E}.Release|Any CPU.Build.0 = Release|Any CPU
	EndGlobalSection
	GlobalSection(SolutionProperties) = preSolution
		HideSolutionNode = FALSE
	EndGlobalSection
	GlobalSection(ExtensibilityGlobals) = postSolution
		SolutionGuid = {7C20F6CD-53A1-46B5-84B6-B396C90FD117}
	EndGlobalSection
EndGlobal
